# THIS IS AN AUTOGENERATED FILE. DO NOT EDIT THIS FILE DIRECTLY.
# yarn lockfile v1


"@ibm/plex@^5.2.1":
  version "5.2.1"
  resolved "https://registry.yarnpkg.com/@ibm/plex/-/plex-5.2.1.tgz#c454506b38f69bd97bcb71f1810e5c007593a3d2"
  integrity sha512-ASrHZCl+ts1ysXN8kknv7iuTO1s6Dz0FCPDo0tFzFkvP3XSgKbZ4ml7zgGdlXKR6uEbMr/nt4dQVLrOQn6j2Ug==
