# THIS IS AN AUTOGENERATED FILE. DO NOT EDIT THIS FILE DIRECTLY.
# yarn lockfile v1


"@ibm/plex@^5.2.1":
  version "5.2.1"
  resolved "https://registry.yarnpkg.com/@ibm/plex/-/plex-5.2.1.tgz#c454506b38f69bd97bcb71f1810e5c007593a3d2"
  integrity sha512-ASrHZCl+ts1ysXN8kknv7iuTO1s6Dz0FCPDo0tFzFkvP3XSgKbZ4ml7zgGdlXKR6uEbMr/nt4dQVLrOQn6j2Ug==

highlight.js@^11.2.0:
  version "11.2.0"
  resolved "https://registry.yarnpkg.com/highlight.js/-/highlight.js-11.2.0.tgz#a7e3b8c1fdc4f0538b93b2dc2ddd53a40c6ab0f0"
  integrity sha512-JOySjtOEcyG8s4MLR2MNbLUyaXqUunmSnL2kdV/KuGJOmHZuAR5xC54Ko7goAXBWNhf09Vy3B+U7vR62UZ/0iw==
